
Microsoft Visual Studio Solution File, Format Version 12.00
# Visual Studio Version 17
VisualStudioVersion = 17.11.35222.181
MinimumVisualStudioVersion = 10.0.40219.1
Project("{FAE04EC0-301F-11D3-BF4B-00C04F79EFBC}") = "AjedrezWPF", "AjedrezWPF\AjedrezWPF.csproj", "{640EBA52-1B51-4A11-BDEA-DCB19CFE8AF8}"
EndProject
Global
	GlobalSection(SolutionConfigurationPlatforms) = preSolution
		Debug|Any CPU = Debug|Any CPU
		Release|Any CPU = Release|Any CPU
	EndGlobalSection
	GlobalSection(ProjectConfigurationPlatforms) = postSolution
		{640EBA52-1B51-4A11-BDEA-DCB19CFE8AF8}.Debug|Any CPU.ActiveCfg = Debug|Any CPU
		{640EBA52-1B51-4A11-BDEA-DCB19CFE8AF8}.Debug|Any CPU.Build.0 = Debug|Any CPU
		{640EBA52-1B51-4A11-BDEA-DCB19CFE8AF8}.Release|Any CPU.ActiveCfg = Release|Any CPU
		{640EBA52-1B51-4A11-BDEA-DCB19CFE8AF8}.Release|Any CPU.Build.0 = Release|Any CPU
	EndGlobalSection
	GlobalSection(SolutionProperties) = preSolution
		HideSolutionNode = FALSE
	EndGlobalSection
	GlobalSection(ExtensibilityGlobals) = postSolution
		SolutionGuid = {B120A08A-753C-4B10-911E-1767D2EE5A33}
	EndGlobalSection
EndGlobal
